lockfileVersion: '9.0'

settings:
  autoInstallPeers: true
  excludeLinksFromLockfile: false

importers:

  .:
    dependencies:
      colors:
        specifier: ^1.4.0
        version: 1.4.0
      i2c-bus:
        specifier: ^5.2.3
        version: 5.2.3
      i2c-mpu6050:
        specifier: ^2.3.0
        version: 2.3.0
      livekit-server-sdk:
        specifier: ^2.10.2
        version: 2.10.2
      puppeteer-core:
        specifier: ^23.11.1
        version: 23.11.1
      typescript:
        specifier: ^5.8.2
        version: 5.8.2
      winston:
        specifier: ^3.17.0
        version: 3.17.0
    devDependencies:
      '@types/bun':
        specifier: ^1.2.4
        version: 1.2.4
      '@types/i2c-bus':
        specifier: ^5.1.2
        version: 5.1.2
      nodemon:
        specifier: ^3.1.9
        version: 3.1.9

packages:

  '@bufbuild/protobuf@1.10.0':
    resolution: {integrity: sha512-QDdVFLoN93Zjg36NoQPZfsVH9tZew7wKDKyV5qRdj8ntT4wQCOradQjRaTdwMhWUYsgKsvCINKKm87FdEk96Ag==}

  '@colors/colors@1.6.0':
    resolution: {integrity: sha512-Ir+AOibqzrIsL6ajt3Rz3LskB7OiMVHqltZmspbW/TJuTVuyOMirVqAkjfY6JISiLHgyNqicAC8AyHHGzNd/dA==}
    engines: {node: '>=0.1.90'}

  '@dabh/diagnostics@2.0.3':
    resolution: {integrity: sha512-hrlQOIi7hAfzsMqlGSFyVucrx38O+j6wiGOf//H2ecvIEqYN4ADBSS2iLMh5UFyDunCNniUIPk/q3riFv45xRA==}

  '@livekit/protocol@1.34.0':
    resolution: {integrity: sha512-bU7pCLAMRVTVZb1KSxA46q55bhOc4iATrY/gccy2/oX1D57tiZEI+8wGRWHeDwBb0UwnABu6JXzC4tTFkdsaOg==}

  '@puppeteer/browsers@2.6.1':
    resolution: {integrity: sha512-aBSREisdsGH890S2rQqK82qmQYU3uFpSH8wcZWHgHzl3LfzsxAKbLNiAG9mO8v1Y0UICBeClICxPJvyr0rcuxg==}
    engines: {node: '>=18'}
    hasBin: true

  '@tootallnate/quickjs-emscripten@0.23.0':
    resolution: {integrity: sha512-C5Mc6rdnsaJDjO3UpGW/CQTHtCKaYlScZTly4JIu97Jxo/odCiH0ITnDXSJPTOrEKk/ycSZ0AOgTmkDtkOsvIA==}

  '@types/bun@1.2.4':
    resolution: {integrity: sha512-QtuV5OMR8/rdKJs213iwXDpfVvnskPXY/S0ZiFbsTjQZycuqPbMW8Gf/XhLfwE5njW8sxI2WjISURXPlHypMFA==}

  '@types/i2c-bus@5.1.2':
    resolution: {integrity: sha512-Zph1a3TZnvU8yUEhR8Yvv+Fv61dE3WQ2gMs4B2KgBUuKYE73quagMvmUN9EvRIbf4B+zq1WKMYjLOafdNus1ig==}

  '@types/node@22.13.8':
    resolution: {integrity: sha512-G3EfaZS+iOGYWLLRCEAXdWK9my08oHNZ+FHluRiggIYJPOXzhOiDgpVCUHaUvyIC5/fj7C/p637jdzC666AOKQ==}

  '@types/triple-beam@1.3.5':
    resolution: {integrity: sha512-6WaYesThRMCl19iryMYP7/x2OVgCtbIVflDGFpWnb9irXI3UjYE4AzmYuiUKY1AJstGijoY+MgUszMgRxIYTYw==}

  '@types/ws@8.5.14':
    resolution: {integrity: sha512-bd/YFLW+URhBzMXurx7lWByOu+xzU9+kb3RboOteXYDfW+tr+JZa99OyNmPINEGB/ahzKrEuc8rcv4gnpJmxTw==}

  '@types/yauzl@2.10.3':
    resolution: {integrity: sha512-oJoftv0LSuaDZE3Le4DbKX+KS9G36NzOeSap90UIK0yMA/NhKJhqlSGtNDORNRaIbQfzjXDrQa0ytJ6mNRGz/Q==}

  agent-base@7.1.3:
    resolution: {integrity: sha512-jRR5wdylq8CkOe6hei19GGZnxM6rBGwFl3Bg0YItGDimvjGtAvdZk4Pu6Cl4u4Igsws4a1fd1Vq3ezrhn4KmFw==}
    engines: {node: '>= 14'}

  ansi-regex@5.0.1:
    resolution: {integrity: sha512-quJQXlTSUGL2LH9SUXo8VwsY4soanhgo6LNSm84E1LBcE8s3O0wpdiRzyR9z/ZZJMlMWv37qOOb9pdJlMUEKFQ==}
    engines: {node: '>=8'}

  ansi-styles@4.3.0:
    resolution: {integrity: sha512-zbB9rCJAT1rbjiVDb2hqKFHNYLxgtk8NURxZ3IZwD3F6NtxbXZQCnnSi1Lkx+IDohdPlFp222wVALIheZJQSEg==}
    engines: {node: '>=8'}

  anymatch@3.1.3:
    resolution: {integrity: sha512-KMReFUr0B4t+D+OBkjR3KYqvocp2XaSzO55UcB6mgQMd3KbcE+mWTyvVV7D/zsdEbNnV6acZUutkiHQXvTr1Rw==}
    engines: {node: '>= 8'}

  ast-types@0.13.4:
    resolution: {integrity: sha512-x1FCFnFifvYDDzTaLII71vG5uvDwgtmDTEVWAxrgeiR8VjMONcCXJx7E+USjDtHlwFmt9MysbqgF9b9Vjr6w+w==}
    engines: {node: '>=4'}

  async@0.9.2:
    resolution: {integrity: sha512-l6ToIJIotphWahxxHyzK9bnLR6kM4jJIIgLShZeqLY7iboHoGkdgFl7W2/Ivi4SkMJYGKqW8vSuk0uKUj6qsSw==}

  async@3.2.6:
    resolution: {integrity: sha512-htCUDlxyyCLMgaM3xXg0C0LW2xqfuQ6p05pCEIsXuyQ+a1koYKTuBMzRNwmybfLgvJDMd0r1LTn4+E0Ti6C2AA==}

  b4a@1.6.7:
    resolution: {integrity: sha512-OnAYlL5b7LEkALw87fUVafQw5rVR9RjwGd4KUwNQ6DrrNmaVaUCgLipfVlzrPQ4tWOR9P0IXGNOx50jYCCdSJg==}

  balanced-match@1.0.2:
    resolution: {integrity: sha512-3oSeUO0TMV67hN1AmbXsK4yaqU7tjiHlbxRDZOpH0KW9+CeX4bRAaX0Anxt0tx2MrpRpWwQaPwIlISEJhYU5Pw==}

  bare-events@2.5.4:
    resolution: {integrity: sha512-+gFfDkR8pj4/TrWCGUGWmJIkBwuxPS5F+a5yWjOHQt2hHvNZd5YLzadjmDUtFmMM4y429bnKLa8bYBMHcYdnQA==}

  bare-fs@4.0.1:
    resolution: {integrity: sha512-ilQs4fm/l9eMfWY2dY0WCIUplSUp7U0CT1vrqMg1MUdeZl4fypu5UP0XcDBK5WBQPJAKP1b7XEodISmekH/CEg==}
    engines: {bare: '>=1.7.0'}

  bare-os@3.5.1:
    resolution: {integrity: sha512-LvfVNDcWLw2AnIw5f2mWUgumW3I3N/WYGiWeimhQC1Ybt71n2FjlS9GJKeCnFeg1MKZHxzIFmpFnBXDI+sBeFg==}
    engines: {bare: '>=1.14.0'}

  bare-path@3.0.0:
    resolution: {integrity: sha512-tyfW2cQcB5NN8Saijrhqn0Zh7AnFNsnczRcuWODH0eYAXBsJ5gVxAUuNr7tsHSC6IZ77cA0SitzT+s47kot8Mw==}

  bare-stream@2.6.5:
    resolution: {integrity: sha512-jSmxKJNJmHySi6hC42zlZnq00rga4jjxcgNZjY9N5WlOe/iOoGRtdwGsHzQv2RlH2KOYMwGUXhf2zXd32BA9RA==}
    peerDependencies:
      bare-buffer: '*'
      bare-events: '*'
    peerDependenciesMeta:
      bare-buffer:
        optional: true
      bare-events:
        optional: true

  base64-js@1.5.1:
    resolution: {integrity: sha512-AKpaYlHn8t4SVbOHCy+b5+KKgvR4vrsD8vbvrbiQJps7fKDTkjkDry6ji0rUJjC0kzbNePLwzxq8iypo41qeWA==}

  basic-ftp@5.0.5:
    resolution: {integrity: sha512-4Bcg1P8xhUuqcii/S0Z9wiHIrQVPMermM1any+MX5GeGD7faD3/msQUDGLol9wOcz4/jbg/WJnGqoJF6LiBdtg==}
    engines: {node: '>=10.0.0'}

  binary-extensions@2.3.0:
    resolution: {integrity: sha512-Ceh+7ox5qe7LJuLHoY0feh3pHuUDHAcRUeyL2VYghZwfpkNIy/+8Ocg0a3UuSoYzavmylwuLWQOf3hl0jjMMIw==}
    engines: {node: '>=8'}

  bindings@1.5.0:
    resolution: {integrity: sha512-p2q/t/mhvuOj/UeLlV6566GD/guowlr0hHxClI0W9m7MWYkL1F0hLo+0Aexs9HSPCtR1SXQ0TD3MMKrXZajbiQ==}

  brace-expansion@1.1.11:
    resolution: {integrity: sha512-iCuPHDFgrHX7H2vEI/5xpz07zSHB00TpugqhmYtVmMO6518mCuRMoOYFldEBl0g187ufozdaHgWKcYFb61qGiA==}

  braces@3.0.3:
    resolution: {integrity: sha512-yQbXgO/OSZVD2IsiLlro+7Hf6Q18EJrKSEsdoMzKePKXct3gvD8oLcOQdIzGupr5Fj+EDe8gO/lxc1BzfMpxvA==}
    engines: {node: '>=8'}

  buffer-crc32@0.2.13:
    resolution: {integrity: sha512-VO9Ht/+p3SN7SKWqcrgEzjGbRSJYTx+Q1pTQC0wrWqHx0vpJraQ6GtHx8tvcg1rlK1byhU5gccxgOgj7B0TDkQ==}

  buffer@5.7.1:
    resolution: {integrity: sha512-EHcyIPBQ4BSGlvjB16k5KgAJ27CIsHY/2JBmCRReo48y9rQ3MaUzWX3KVlBa4U7MyX02HdVj0K7C3WaB3ju7FQ==}

  bun-types@1.2.4:
    resolution: {integrity: sha512-nDPymR207ZZEoWD4AavvEaa/KZe/qlrbMSchqpQwovPZCKc7pwMoENjEtHgMKaAjJhy+x6vfqSBA1QU3bJgs0Q==}

  camelcase-keys@9.1.3:
    resolution: {integrity: sha512-Rircqi9ch8AnZscQcsA1C47NFdaO3wukpmIRzYcDOrmvgt78hM/sj5pZhZNec2NM12uk5vTwRHZ4anGcrC4ZTg==}
    engines: {node: '>=16'}

  camelcase@8.0.0:
    resolution: {integrity: sha512-8WB3Jcas3swSvjIeA2yvCJ+Miyz5l1ZmB6HFb9R1317dt9LCQoswg/BGrmAmkWVEszSrrg4RwmO46qIm2OEnSA==}
    engines: {node: '>=16'}

  chokidar@3.6.0:
    resolution: {integrity: sha512-7VT13fmjotKpGipCW9JEQAusEPE+Ei8nl6/g4FBAmIm0GOOLMua9NDDo/DWp0ZAxCr3cPq5ZpBqmPAQgDda2Pw==}
    engines: {node: '>= 8.10.0'}

  chromium-bidi@0.11.0:
    resolution: {integrity: sha512-6CJWHkNRoyZyjV9Rwv2lYONZf1Xm0IuDyNq97nwSsxxP3wf5Bwy15K5rOvVKMtJ127jJBmxFUanSAOjgFRxgrA==}
    peerDependencies:
      devtools-protocol: '*'

  cliui@8.0.1:
    resolution: {integrity: sha512-BSeNnyus75C4//NQ9gQt1/csTXyo/8Sb+afLAkzAptFuMsod9HFokGNudZpi/oQV73hnVK+sR+5PVRMd+Dr7YQ==}
    engines: {node: '>=12'}

  color-convert@1.9.3:
    resolution: {integrity: sha512-QfAUtd+vFdAtFQcC8CCyYt1fYWxSqAiK2cSD6zDB8N3cpsEBAvRxp9zOGg6G/SHHJYAT88/az/IuDGALsNVbGg==}

  color-convert@2.0.1:
    resolution: {integrity: sha512-RRECPsj7iu/xb5oKYcsFHSppFNnsj/52OVTRKb4zP5onXwVF3zVmmToNcOfGC+CRDpfK/U584fMg38ZHCaElKQ==}
    engines: {node: '>=7.0.0'}

  color-name@1.1.3:
    resolution: {integrity: sha512-72fSenhMw2HZMTVHeCA9KCmpEIbzWiQsjN+BHcBbS9vr1mtt+vJjPdksIBNUmKAW8TFUDPJK5SUU3QhE9NEXDw==}

  color-name@1.1.4:
    resolution: {integrity: sha512-dOy+3AuW3a2wNbZHIuMZpTcgjGuLU/uBL/ubcZF9OXbDo8ff4O8yVp5Bf0efS8uEoYo5q4Fx7dY9OgQGXgAsQA==}

  color-string@1.9.1:
    resolution: {integrity: sha512-shrVawQFojnZv6xM40anx4CkoDP+fZsw/ZerEMsW/pyzsRbElpsL/DBVW7q3ExxwusdNXI3lXpuhEZkzs8p5Eg==}

  color@3.2.1:
    resolution: {integrity: sha512-aBl7dZI9ENN6fUGC7mWpMTPNHmWUSNan9tuWN6ahh5ZLNk9baLJOnSMlrQkHcrfFgz2/RigjUVAjdx36VcemKA==}

  colors@1.4.0:
    resolution: {integrity: sha512-a+UqTh4kgZg/SlGvfbzDHpgRu7AAQOmmqRHJnxhRZICKFUT91brVhNNt58CMWU9PsBbv3PDCZUHbVxuDiH2mtA==}
    engines: {node: '>=0.1.90'}

  colorspace@1.1.4:
    resolution: {integrity: sha512-BgvKJiuVu1igBUF2kEjRCZXol6wiiGbY5ipL/oVPwm0BL9sIpMIzM8IK7vwuxIIzOXMV3Ey5w+vxhm0rR/TN8w==}

  concat-map@0.0.1:
    resolution: {integrity: sha512-/Srv4dswyQNBfohGpz9o6Yb3Gz3SrUDqBH5rTuhGR7ahtlbYKnVxw2bCFMRljaA7EXHaXZ8wsHdodFvbkhKmqg==}

  data-uri-to-buffer@6.0.2:
    resolution: {integrity: sha512-7hvf7/GW8e86rW0ptuwS3OcBGDjIi6SZva7hCyWC0yYry2cOPmLIjXAUHI6DK2HsnwJd9ifmt57i8eV2n4YNpw==}
    engines: {node: '>= 14'}

  debug@4.4.0:
    resolution: {integrity: sha512-6WTZ/IxCY/T6BALoZHaE4ctp9xm+Z5kY/pzYaCHRFeyVhojxlrm+46y68HA6hr0TcwEssoxNiDEUJQjfPZ/RYA==}
    engines: {node: '>=6.0'}
    peerDependencies:
      supports-color: '*'
    peerDependenciesMeta:
      supports-color:
        optional: true

  degenerator@5.0.1:
    resolution: {integrity: sha512-TllpMR/t0M5sqCXfj85i4XaAzxmS5tVA16dqvdkMwGmzI+dXLXnw3J+3Vdv7VKw+ThlTMboK6i9rnZ6Nntj5CQ==}
    engines: {node: '>= 14'}

  devtools-protocol@0.0.1367902:
    resolution: {integrity: sha512-XxtPuC3PGakY6PD7dG66/o8KwJ/LkH2/EKe19Dcw58w53dv4/vSQEkn/SzuyhHE2q4zPgCkxQBxus3VV4ql+Pg==}

  emoji-regex@8.0.0:
    resolution: {integrity: sha512-MSjYzcWNOA0ewAHpz0MxpYFvwg6yjy1NG3xteoqz644VCo/RPgnr1/GGt+ic3iJTzQ8Eu3TdM14SawnVUmGE6A==}

  enabled@2.0.0:
    resolution: {integrity: sha512-AKrN98kuwOzMIdAizXGI86UFBoo26CL21UM763y1h/GMSJ4/OHU9k2YlsmBpyScFo/wbLzWQJBMCW4+IO3/+OQ==}

  end-of-stream@1.4.4:
    resolution: {integrity: sha512-+uw1inIHVPQoaVuHzRyXd21icM+cnt4CzD5rW+NC1wjOUSTOs+Te7FOv7AhN7vS9x/oIyhLP5PR1H+phQAHu5Q==}

  escalade@3.2.0:
    resolution: {integrity: sha512-WUj2qlxaQtO4g6Pq5c29GTcWGDyd8itL8zTlipgECz3JesAiiOKotd8JU6otB3PACgG6xkJUyVhboMS+bje/jA==}
    engines: {node: '>=6'}

  escodegen@2.1.0:
    resolution: {integrity: sha512-2NlIDTwUWJN0mRPQOdtQBzbUHvdGY2P1VXSyU83Q3xKxM7WHX2Ql8dKq782Q9TgQUNOLEzEYu9bzLNj1q88I5w==}
    engines: {node: '>=6.0'}
    hasBin: true

  esprima@4.0.1:
    resolution: {integrity: sha512-eGuFFw7Upda+g4p+QHvnW0RyTX/SVeJBDM/gCtMARO0cLuT2HcEKnTPvhjV6aGeqrCB/sbNop0Kszm0jsaWU4A==}
    engines: {node: '>=4'}
    hasBin: true

  estraverse@5.3.0:
    resolution: {integrity: sha512-MMdARuVEQziNTeJD8DgMqmhwR11BRQ/cBP+pLtYdSTnf3MIO8fFeiINEbX36ZdNlfU/7A9f3gUw49B3oQsvwBA==}
    engines: {node: '>=4.0'}

  esutils@2.0.3:
    resolution: {integrity: sha512-kVscqXk4OCp68SZ0dkgEKVi6/8ij300KBWTJq32P/dYeWTSwK41WyTxalN1eRmA5Z9UU/LX9D7FWSmV9SAYx6g==}
    engines: {node: '>=0.10.0'}

  extract-zip@2.0.1:
    resolution: {integrity: sha512-GDhU9ntwuKyGXdZBUgTIe+vXnWj0fppUEtMDL0+idd5Sta8TGpHssn/eusA9mrPr9qNDym6SxAYZjNvCn/9RBg==}
    engines: {node: '>= 10.17.0'}
    hasBin: true

  fast-fifo@1.3.2:
    resolution: {integrity: sha512-/d9sfos4yxzpwkDkuN7k2SqFKtYNmCTzgfEpz82x34IM9/zc8KGxQoXg1liNC/izpRM/MBdt44Nmx41ZWqk+FQ==}

  fd-slicer@1.1.0:
    resolution: {integrity: sha512-cE1qsB/VwyQozZ+q1dGxR8LBYNZeofhEdUNGSMbQD3Gw2lAzX9Zb3uIU6Ebc/Fmyjo9AWWfnn0AUCHqtevs/8g==}

  fecha@4.2.3:
    resolution: {integrity: sha512-OP2IUU6HeYKJi3i0z4A19kHMQoLVs4Hc+DPqqxI2h/DPZHTm/vjsfC6P0b4jCMy14XizLBqvndQ+UilD7707Jw==}

  file-uri-to-path@1.0.0:
    resolution: {integrity: sha512-0Zt+s3L7Vf1biwWZ29aARiVYLx7iMGnEUl9x33fbB/j3jR81u/O2LbqK+Bm1CDSNDKVtJ/YjwY7TUd5SkeLQLw==}

  fill-range@7.1.1:
    resolution: {integrity: sha512-YsGpe3WHLK8ZYi4tWDg2Jy3ebRz2rXowDxnld4bkQB00cc/1Zw9AWnC0i9ztDJitivtQvaI9KaLyKrc+hBW0yg==}
    engines: {node: '>=8'}

  fn.name@1.1.0:
    resolution: {integrity: sha512-GRnmB5gPyJpAhTQdSZTSp9uaPSvl09KoYcMQtsB9rQoOmzs9dH6ffeccH+Z+cv6P68Hu5bC6JjRh4Ah/mHSNRw==}

  fsevents@2.3.3:
    resolution: {integrity: sha512-5xoDfX+fL7faATnagmWPpbFtwh/R77WmMMqqHGS65C3vvB0YHrgF+B1YmZ3441tMj5n63k0212XNoJwzlhffQw==}
    engines: {node: ^8.16.0 || ^10.6.0 || >=11.0.0}
    os: [darwin]

  get-caller-file@2.0.5:
    resolution: {integrity: sha512-DyFP3BM/3YHTQOCUL/w0OZHR0lpKeGrxotcHWcqNEdnltqFwXVfhEBQ94eIo34AfQpo0rGki4cyIiftY06h2Fg==}
    engines: {node: 6.* || 8.* || >= 10.*}

  get-stream@5.2.0:
    resolution: {integrity: sha512-nBF+F1rAZVCu/p7rjzgA+Yb4lfYXrpl7a6VmJrU8wF9I1CKvP/QwPNZHnOlwbTkY6dvtFIzFMSyQXbLoTQPRpA==}
    engines: {node: '>=8'}

  get-uri@6.0.4:
    resolution: {integrity: sha512-E1b1lFFLvLgak2whF2xDBcOy6NLVGZBqqjJjsIhvopKfWWEi64pLVTWWehV8KlLerZkfNTA95sTe2OdJKm1OzQ==}
    engines: {node: '>= 14'}

  glob-parent@5.1.2:
    resolution: {integrity: sha512-AOIgSQCepiJYwP3ARnGx+5VnTu2HBYdzbGP45eLw1vr3zB3vZLeyed1sC9hnbcOc9/SrMyM5RPQrkGz4aS9Zow==}
    engines: {node: '>= 6'}

  has-flag@3.0.0:
    resolution: {integrity: sha512-sKJf1+ceQBr4SMkvQnBDNDtf4TXpVhVGateu0t918bl30FnbE2m4vNLX+VWe/dpjlb+HugGYzW7uQXH98HPEYw==}
    engines: {node: '>=4'}

  http-proxy-agent@7.0.2:
    resolution: {integrity: sha512-T1gkAiYYDWYx3V5Bmyu7HcfcvL7mUrTWiM6yOfa3PIphViJ/gFPbvidQ+veqSOHci/PxBcDabeUNCzpOODJZig==}
    engines: {node: '>= 14'}

  https-proxy-agent@7.0.6:
    resolution: {integrity: sha512-vK9P5/iUfdl95AI+JVyUuIcVtd4ofvtrOr3HNtM2yxC9bnMbEdp3x01OhQNnjb8IJYi38VlTE3mBXwcfvywuSw==}
    engines: {node: '>= 14'}

  i2c-bus@5.2.3:
    resolution: {integrity: sha512-kzFgU0OSIZlaeUUa+VK7L+kkxnj4feimCVQDOPrzj0cTaB+hNweTsO8/j7QvW2gRgWQ7ds5IpfFjpBrX+fMNng==}
    engines: {node: '>=10.0.0'}

  i2c-mpu6050@2.3.0:
    resolution: {integrity: sha512-4km3XSkXfS07Sj6h8hK6iMt1aUM2TaQI6wZjK95B0d0cRE5nr3rmn3anu1b4yy++JEiSjsJSlWS9GiMuSkVdvA==}

  ieee754@1.2.1:
    resolution: {integrity: sha512-dcyqhDvX1C46lXZcVqCpK+FtMRQVdIMN6/Df5js2zouUsqG7I6sFxitIC+7KYK29KdXOLHdu9zL4sFnoVQnqaA==}

  ignore-by-default@1.0.1:
    resolution: {integrity: sha512-Ius2VYcGNk7T90CppJqcIkS5ooHUZyIQK+ClZfMfMNFEF9VSE73Fq+906u/CWu92x4gzZMWOwfFYckPObzdEbA==}

  inherits@2.0.4:
    resolution: {integrity: sha512-k/vGaX4/Yla3WzyMCvTQOXYeIHvqOKtnqBduzTHpzpQZzAskKMhZ2K+EnBiSM9zGSoIFeMpXKxa4dYeZIQqewQ==}

  ip-address@9.0.5:
    resolution: {integrity: sha512-zHtQzGojZXTwZTHQqra+ETKd4Sn3vgi7uBmlPoXVWZqYvuKmtI0l/VZTjqGmJY9x88GGOaZ9+G9ES8hC4T4X8g==}
    engines: {node: '>= 12'}

  is-arrayish@0.3.2:
    resolution: {integrity: sha512-eVRqCvVlZbuw3GrM63ovNSNAeA1K16kaR/LRY/92w0zxQ5/1YzwblUX652i4Xs9RwAGjW9d9y6X88t8OaAJfWQ==}

  is-binary-path@2.1.0:
    resolution: {integrity: sha512-ZMERYes6pDydyuGidse7OsHxtbI7WVeUEozgR/g7rd0xUimYNlvZRE/K2MgZTjWy725IfelLeVcEM97mmtRGXw==}
    engines: {node: '>=8'}

  is-extglob@2.1.1:
    resolution: {integrity: sha512-SbKbANkN603Vi4jEZv49LeVJMn4yGwsbzZworEoyEiutsN3nJYdbO36zfhGJ6QEDpOZIFkDtnq5JRxmvl3jsoQ==}
    engines: {node: '>=0.10.0'}

  is-fullwidth-code-point@3.0.0:
    resolution: {integrity: sha512-zymm5+u+sCsSWyD9qNaejV3DFvhCKclKdizYaJUuHA83RLjb7nSuGnddCHGv0hk+KY7BMAlsWeK4Ueg6EV6XQg==}
    engines: {node: '>=8'}

  is-glob@4.0.3:
    resolution: {integrity: sha512-xelSayHH36ZgE7ZWhli7pW34hNbNl8Ojv5KVmkJD4hBdD3th8Tfk9vYasLM+mXWOZhFkgZfxhLSnrwRr4elSSg==}
    engines: {node: '>=0.10.0'}

  is-number@7.0.0:
    resolution: {integrity: sha512-41Cifkg6e8TylSpdtTpeLVMqvSBEVzTttHvERD741+pnZ8ANv0004MRL43QKPDlK9cGvNp6NZWZUBlbGXYxxng==}
    engines: {node: '>=0.12.0'}

  is-stream@2.0.1:
    resolution: {integrity: sha512-hFoiJiTl63nn+kstHGBtewWSKnQLpyb155KHheA1l39uvtO9nWIop1p3udqPcUd/xbF1VLMO4n7OI6p7RbngDg==}
    engines: {node: '>=8'}

  jose@5.10.0:
    resolution: {integrity: sha512-s+3Al/p9g32Iq+oqXxkW//7jk2Vig6FF1CFqzVXoTUXt2qz89YWbL+OwS17NFYEvxC35n0FKeGO2LGYSxeM2Gg==}

  jsbn@1.1.0:
    resolution: {integrity: sha512-4bYVV3aAMtDTTu4+xsDYa6sy9GyJ69/amsu9sYF2zqjiEoZA5xJi3BrfX3uY+/IekIu7MwdObdbDWpoZdBv3/A==}

  kuler@2.0.0:
    resolution: {integrity: sha512-Xq9nH7KlWZmXAtodXDDRE7vs6DU1gTU8zYDHDiWLSip45Egwq3plLHzPn27NgvzL2r1LMPC1vdqh98sQxtqj4A==}

  livekit-server-sdk@2.10.2:
    resolution: {integrity: sha512-XDoHvLY9a6DXM7Iit7XdNp1M9OK/idWHuqZnKAoirBbPmaFmlAVKeQGQIZTG7UrktgoRAPvu3vv0UdC6Ds80Ng==}
    engines: {node: '>=18'}

  logform@2.7.0:
    resolution: {integrity: sha512-TFYA4jnP7PVbmlBIfhlSe+WKxs9dklXMTEGcBCIvLhE/Tn3H6Gk1norupVW7m5Cnd4bLcr08AytbyV/xj7f/kQ==}
    engines: {node: '>= 12.0.0'}

  lru-cache@7.18.3:
    resolution: {integrity: sha512-jumlc0BIUrS3qJGgIkWZsyfAM7NCWiBcCDhnd+3NNM5KbBmLTgHVfWBcg6W+rLUsIpzpERPsvwUP7CckAQSOoA==}
    engines: {node: '>=12'}

  map-obj@5.0.0:
    resolution: {integrity: sha512-2L3MIgJynYrZ3TYMriLDLWocz15okFakV6J12HXvMXDHui2x/zgChzg1u9mFFGbbGWE+GsLpQByt4POb9Or+uA==}
    engines: {node: ^12.20.0 || ^14.13.1 || >=16.0.0}

  minimatch@3.1.2:
    resolution: {integrity: sha512-J7p63hRiAjw1NDEww1W7i37+ByIrOWO5XQQAzZ3VOcL0PNybwpfmV/N05zFAzwQ9USyEcX6t3UO+K5aqBQOIHw==}

  mitt@3.0.1:
    resolution: {integrity: sha512-vKivATfr97l2/QBCYAkXYDbrIWPM2IIKEl7YPhjCvKlG3kE2gm+uBo6nEXK3M5/Ffh/FLpKExzOQ3JJoJGFKBw==}

  ms@2.1.3:
    resolution: {integrity: sha512-6FlzubTLZG3J2a/NVCAleEhjzq5oxgHyaCU9yYXvcLsvoVaHJq/s5xXI6/XXP6tz7R9xAOtHnSO/tXtF3WRTlA==}

  nan@2.22.2:
    resolution: {integrity: sha512-DANghxFkS1plDdRsX0X9pm0Z6SJNN6gBdtXfanwoZ8hooC5gosGFSBGRYHUVPz1asKA/kMRqDRdHrluZ61SpBQ==}

  netmask@2.0.2:
    resolution: {integrity: sha512-dBpDMdxv9Irdq66304OLfEmQ9tbNRFnFTuZiLo+bD+r332bBmMJ8GBLXklIXXgxd3+v9+KUnZaUR5PJMa75Gsg==}
    engines: {node: '>= 0.4.0'}

  nodemon@3.1.9:
    resolution: {integrity: sha512-hdr1oIb2p6ZSxu3PB2JWWYS7ZQ0qvaZsc3hK8DR8f02kRzc8rjYmxAIvdz+aYC+8F2IjNaB7HMcSDg8nQpJxyg==}
    engines: {node: '>=10'}
    hasBin: true

  normalize-path@3.0.0:
    resolution: {integrity: sha512-6eZs5Ls3WtCisHWp9S2GUy8dqkpGi4BVSz3GaqiE6ezub0512ESztXUwUB6C6IKbQkY2Pnb/mD4WYojCRwcwLA==}
    engines: {node: '>=0.10.0'}

  once@1.4.0:
    resolution: {integrity: sha512-lNaJgI+2Q5URQBkccEKHTQOPaXdUxnZZElQTZY0MFUAuaEqe1E+Nyvgdz/aIyNi6Z9MzO5dv1H8n58/GELp3+w==}

  one-time@1.0.0:
    resolution: {integrity: sha512-5DXOiRKwuSEcQ/l0kGCF6Q3jcADFv5tSmRaJck/OqkVFcOzutB134KRSfF0xDrL39MNnqxbHBbUUcjZIhTgb2g==}

  pac-proxy-agent@7.2.0:
    resolution: {integrity: sha512-TEB8ESquiLMc0lV8vcd5Ql/JAKAoyzHFXaStwjkzpOpC5Yv+pIzLfHvjTSdf3vpa2bMiUQrg9i6276yn8666aA==}
    engines: {node: '>= 14'}

  pac-resolver@7.0.1:
    resolution: {integrity: sha512-5NPgf87AT2STgwa2ntRMr45jTKrYBGkVU36yT0ig/n/GMAa3oPqhZfIQ2kMEimReg0+t9kZViDVZ83qfVUlckg==}
    engines: {node: '>= 14'}

  pend@1.2.0:
    resolution: {integrity: sha512-F3asv42UuXchdzt+xXqfW1OGlVBe+mxa2mqI0pg5yAHZPvFmY3Y6drSf/GQ1A86WgWEN9Kzh/WrgKa6iGcHXLg==}

  picomatch@2.3.1:
    resolution: {integrity: sha512-JU3teHTNjmE2VCGFzuY8EXzCDVwEqB2a8fsIvwaStHhAWJEeVd1o1QD80CU6+ZdEXXSLbSsuLwJjkCBWqRQUVA==}
    engines: {node: '>=8.6'}

  progress@2.0.3:
    resolution: {integrity: sha512-7PiHtLll5LdnKIMw100I+8xJXR5gW2QwWYkT6iJva0bXitZKa/XMrSbdmg3r2Xnaidz9Qumd0VPaMrZlF9V9sA==}
    engines: {node: '>=0.4.0'}

  proxy-agent@6.5.0:
    resolution: {integrity: sha512-TmatMXdr2KlRiA2CyDu8GqR8EjahTG3aY3nXjdzFyoZbmB8hrBsTyMezhULIXKnC0jpfjlmiZ3+EaCzoInSu/A==}
    engines: {node: '>= 14'}

  proxy-from-env@1.1.0:
    resolution: {integrity: sha512-D+zkORCbA9f1tdWRK0RaCR3GPv50cMxcrz4X8k5LTSUD1Dkw47mKJEZQNunItRTkWwgtaUSo1RVFRIG9ZXiFYg==}

  pstree.remy@1.1.8:
    resolution: {integrity: sha512-77DZwxQmxKnu3aR542U+X8FypNzbfJ+C5XQDk3uWjWxn6151aIMGthWYRXTqT1E5oJvg+ljaa2OJi+VfvCOQ8w==}

  pump@3.0.2:
    resolution: {integrity: sha512-tUPXtzlGM8FE3P0ZL6DVs/3P58k9nk8/jZeQCurTJylQA8qFYzHFfhBJkuqyE0FifOsQ0uKWekiZ5g8wtr28cw==}

  puppeteer-core@23.11.1:
    resolution: {integrity: sha512-3HZ2/7hdDKZvZQ7dhhITOUg4/wOrDRjyK2ZBllRB0ZCOi9u0cwq1ACHDjBB+nX+7+kltHjQvBRdeY7+W0T+7Gg==}
    engines: {node: '>=18'}

  quick-lru@6.1.2:
    resolution: {integrity: sha512-AAFUA5O1d83pIHEhJwWCq/RQcRukCkn/NSm2QsTEMle5f2hP0ChI2+3Xb051PZCkLryI/Ir1MVKviT2FIloaTQ==}
    engines: {node: '>=12'}

  readable-stream@3.6.2:
    resolution: {integrity: sha512-9u/sniCrY3D5WdsERHzHE4G2YCXqoG5FTHUiCC4SIbr6XcLZBY05ya9EKjYek9O5xOAwjGq+1JdGBAS7Q9ScoA==}
    engines: {node: '>= 6'}

  readdirp@3.6.0:
    resolution: {integrity: sha512-hOS089on8RduqdbhvQ5Z37A0ESjsqz6qnRcffsMU3495FuTdqSm+7bhJ29JvIOsBDEEnan5DPu9t3To9VRlMzA==}
    engines: {node: '>=8.10.0'}

  require-directory@2.1.1:
    resolution: {integrity: sha512-fGxEI7+wsG9xrvdjsrlmL22OMTTiHRwAMroiEeMgq8gzoLC/PQr7RsRDSTLUg/bZAZtF+TVIkHc6/4RIKrui+Q==}
    engines: {node: '>=0.10.0'}

  safe-buffer@5.2.1:
    resolution: {integrity: sha512-rp3So07KcdmmKbGvgaNxQSJr7bGVSVk5S9Eq1F+ppbRo70+YeaDxkw5Dd8NPN+GD6bjnYm2VuPuCXmpuYvmCXQ==}

  safe-stable-stringify@2.5.0:
    resolution: {integrity: sha512-b3rppTKm9T+PsVCBEOUR46GWI7fdOs00VKZ1+9c1EWDaDMvjQc6tUwuFyIprgGgTcWoVHSKrU8H31ZHA2e0RHA==}
    engines: {node: '>=10'}

  semver@7.7.1:
    resolution: {integrity: sha512-hlq8tAfn0m/61p4BVRcPzIGr6LKiMwo4VM6dGi6pt4qcRkmNzTcWq6eCEjEh+qXjkMDvPlOFFSGwQjoEa6gyMA==}
    engines: {node: '>=10'}
    hasBin: true

  simple-swizzle@0.2.2:
    resolution: {integrity: sha512-JA//kQgZtbuY83m+xT+tXJkmJncGMTFT+C+g2h2R9uxkYIrE2yy9sgmcLhCnw57/WSD+Eh3J97FPEDFnbXnDUg==}

  simple-update-notifier@2.0.0:
    resolution: {integrity: sha512-a2B9Y0KlNXl9u/vsW6sTIu9vGEpfKu2wRV6l1H3XEas/0gUIzGzBoP/IouTcUQbm9JWZLH3COxyn03TYlFax6w==}
    engines: {node: '>=10'}

  smart-buffer@4.2.0:
    resolution: {integrity: sha512-94hK0Hh8rPqQl2xXc3HsaBoOXKV20MToPkcXvwbISWLEs+64sBq5kFgn2kJDHb1Pry9yrP0dxrCI9RRci7RXKg==}
    engines: {node: '>= 6.0.0', npm: '>= 3.0.0'}

  socks-proxy-agent@8.0.5:
    resolution: {integrity: sha512-HehCEsotFqbPW9sJ8WVYB6UbmIMv7kUUORIF2Nncq4VQvBfNBLibW9YZR5dlYCSUhwcD628pRllm7n+E+YTzJw==}
    engines: {node: '>= 14'}

  socks@2.8.4:
    resolution: {integrity: sha512-D3YaD0aRxR3mEcqnidIs7ReYJFVzWdd6fXJYUM8ixcQcJRGTka/b3saV0KflYhyVJXKhb947GndU35SxYNResQ==}
    engines: {node: '>= 10.0.0', npm: '>= 3.0.0'}

  source-map@0.6.1:
    resolution: {integrity: sha512-UjgapumWlbMhkBgzT7Ykc5YXUT46F0iKu8SGXq0bcwP5dz/h0Plj6enJqjz1Zbq2l5WaqYnrVbwWOWMyF3F47g==}
    engines: {node: '>=0.10.0'}

  sprintf-js@1.1.3:
    resolution: {integrity: sha512-Oo+0REFV59/rz3gfJNKQiBlwfHaSESl1pcGyABQsnnIfWOFt6JNj5gCog2U6MLZ//IGYD+nA8nI+mTShREReaA==}

  stack-trace@0.0.10:
    resolution: {integrity: sha512-KGzahc7puUKkzyMt+IqAep+TVNbKP+k2Lmwhub39m1AsTSkaDutx56aDCo+HLDzf/D26BIHTJWNiTG1KAJiQCg==}

  streamx@2.22.0:
    resolution: {integrity: sha512-sLh1evHOzBy/iWRiR6d1zRcLao4gGZr3C1kzNz4fopCOKJb6xD9ub8Mpi9Mr1R6id5o43S+d93fI48UC5uM9aw==}

  string-width@4.2.3:
    resolution: {integrity: sha512-wKyQRQpjJ0sIp62ErSZdGsjMJWsap5oRNihHhu6G7JVO/9jIB6UyevL+tXuOqrng8j/cxKTWyWUwvSTriiZz/g==}
    engines: {node: '>=8'}

  string_decoder@1.3.0:
    resolution: {integrity: sha512-hkRX8U1WjJFd8LsDJ2yQ/wWWxaopEsABU1XfkM8A+j0+85JAGppt16cr1Whg6KIbb4okU6Mql6BOj+uup/wKeA==}

  strip-ansi@6.0.1:
    resolution: {integrity: sha512-Y38VPSHcqkFrCpFnQ9vuSXmquuv5oXOKpGeT6aGrr3o3Gc9AlVa6JBfUSOCnbxGGZF+/0ooI7KrPuUSztUdU5A==}
    engines: {node: '>=8'}

  supports-color@5.5.0:
    resolution: {integrity: sha512-QjVjwdXIt408MIiAqCX4oUKsgU2EqAGzs2Ppkm4aQYbjm+ZEWEcW4SfFNTr4uMNZma0ey4f5lgLrkB0aX0QMow==}
    engines: {node: '>=4'}

  tar-fs@3.0.8:
    resolution: {integrity: sha512-ZoROL70jptorGAlgAYiLoBLItEKw/fUxg9BSYK/dF/GAGYFJOJJJMvjPAKDJraCXFwadD456FCuvLWgfhMsPwg==}

  tar-stream@3.1.7:
    resolution: {integrity: sha512-qJj60CXt7IU1Ffyc3NJMjh6EkuCFej46zUqJ4J7pqYlThyd9bO0XBTmcOIhSzZJVWfsLks0+nle/j538YAW9RQ==}

  text-decoder@1.2.3:
    resolution: {integrity: sha512-3/o9z3X0X0fTupwsYvR03pJ/DjWuqqrfwBgTQzdWDiQSm9KitAyz/9WqsT2JQW7KV2m+bC2ol/zqpW37NHxLaA==}

  text-hex@1.0.0:
    resolution: {integrity: sha512-uuVGNWzgJ4yhRaNSiubPY7OjISw4sw4E5Uv0wbjp+OzcbmVU/rsT8ujgcXJhn9ypzsgr5vlzpPqP+MBBKcGvbg==}

  through@2.3.8:
    resolution: {integrity: sha512-w89qg7PI8wAdvX60bMDP+bFoD5Dvhm9oLheFp5O4a2QF0cSBGsBX4qZmadPMvVqlLJBBci+WqGGOAPvcDeNSVg==}

  to-regex-range@5.0.1:
    resolution: {integrity: sha512-65P7iz6X5yEr1cwcgvQxbbIw7Uk3gOy5dIdtZ4rDveLqhrdJP+Li/Hx6tyK0NEb+2GCyneCMJiGqrADCSNk8sQ==}
    engines: {node: '>=8.0'}

  touch@3.1.1:
    resolution: {integrity: sha512-r0eojU4bI8MnHr8c5bNo7lJDdI2qXlWWJk6a9EAFG7vbhTjElYhBVS3/miuE0uOuoLdb8Mc/rVfsmm6eo5o9GA==}
    hasBin: true

  triple-beam@1.4.1:
    resolution: {integrity: sha512-aZbgViZrg1QNcG+LULa7nhZpJTZSLm/mXnHXnbAbjmN5aSa0y7V+wvv6+4WaBtpISJzThKy+PIPxc1Nq1EJ9mg==}
    engines: {node: '>= 14.0.0'}

  tslib@2.8.1:
    resolution: {integrity: sha512-oJFu94HQb+KVduSUQL7wnpmqnfmLsOA/nAh6b6EH0wCEoK0/mPeXU6c3wKDV83MkOuHPRHtSXKKU99IBazS/2w==}

  type-fest@4.36.0:
    resolution: {integrity: sha512-3T/PUdKTCnkUmhQU6FFJEHsLwadsRegktX3TNHk+2JJB9HlA8gp1/VXblXVDI93kSnXF2rdPx0GMbHtJIV2LPg==}
    engines: {node: '>=16'}

  typed-query-selector@2.12.0:
    resolution: {integrity: sha512-SbklCd1F0EiZOyPiW192rrHZzZ5sBijB6xM+cpmrwDqObvdtunOHHIk9fCGsoK5JVIYXoyEp4iEdE3upFH3PAg==}

  typescript@5.8.2:
    resolution: {integrity: sha512-aJn6wq13/afZp/jT9QZmwEjDqqvSGp1VT5GVg+f/t6/oVyrgXM6BY1h9BRh/O5p3PlUPAe+WuiEZOmb/49RqoQ==}
    engines: {node: '>=14.17'}
    hasBin: true

  unbzip2-stream@1.4.3:
    resolution: {integrity: sha512-mlExGW4w71ebDJviH16lQLtZS32VKqsSfk80GCfUlwT/4/hNRFsoscrF/c++9xinkMzECL1uL9DDwXqFWkruPg==}

  undefsafe@2.0.5:
    resolution: {integrity: sha512-WxONCrssBM8TSPRqN5EmsjVrsv4A8X12J4ArBiiayv3DyyG3ZlIg6yysuuSYdZsVz3TKcTg2fd//Ujd4CHV1iA==}

  undici-types@6.20.0:
    resolution: {integrity: sha512-Ny6QZ2Nju20vw1SRHe3d9jVu6gJ+4e3+MMpqu7pqE5HT6WsTSlce++GQmK5UXS8mzV8DSYHrQH+Xrf2jVcuKNg==}

  util-deprecate@1.0.2:
    resolution: {integrity: sha512-EPD5q1uXyFxJpCrLnCc1nHnq3gOa6DZBocAIiI2TaSCA7VCJ1UJDMagCzIkXNsUYfD1daK//LTEQ8xiIbrHtcw==}

  winston-transport@4.9.0:
    resolution: {integrity: sha512-8drMJ4rkgaPo1Me4zD/3WLfI/zPdA9o2IipKODunnGDcuqbHwjsbB79ylv04LCGGzU0xQ6vTznOMpQGaLhhm6A==}
    engines: {node: '>= 12.0.0'}

  winston@3.17.0:
    resolution: {integrity: sha512-DLiFIXYC5fMPxaRg832S6F5mJYvePtmO5G9v9IgUFPhXm9/GkXarH/TUrBAVzhTCzAj9anE/+GjrgXp/54nOgw==}
    engines: {node: '>= 12.0.0'}

  wrap-ansi@7.0.0:
    resolution: {integrity: sha512-YVGIj2kamLSTxw6NsZjoBxfSwsn0ycdesmc4p+Q21c5zPuZ1pl+NfxVdxPtdHvmNVOQ6XSYG4AUtyt/Fi7D16Q==}
    engines: {node: '>=10'}

  wrappy@1.0.2:
    resolution: {integrity: sha512-l4Sp/DRseor9wL6EvV2+TuQn63dMkPjZ/sp9XkghTEbV9KlPS1xUsZ3u7/IQO4wxtcFB4bgpQPRcR3QCvezPcQ==}

  ws@8.18.1:
    resolution: {integrity: sha512-RKW2aJZMXeMxVpnZ6bck+RswznaxmzdULiBr6KY7XkTnW8uvt0iT9H5DkHUChXrc+uurzwa0rVI16n/Xzjdz1w==}
    engines: {node: '>=10.0.0'}
    peerDependencies:
      bufferutil: ^4.0.1
      utf-8-validate: '>=5.0.2'
    peerDependenciesMeta:
      bufferutil:
        optional: true
      utf-8-validate:
        optional: true

  y18n@5.0.8:
    resolution: {integrity: sha512-0pfFzegeDWJHJIAmTLRP2DwHjdF5s7jo9tuztdQxAhINCdvS+3nGINqPd00AphqJR/0LhANUS6/+7SCb98YOfA==}
    engines: {node: '>=10'}

  yargs-parser@21.1.1:
    resolution: {integrity: sha512-tVpsJW7DdjecAiFpbIB1e3qxIQsE6NoPc5/eTdrbbIC4h0LVsWhnoa3g+m2HclBIujHzsxZ4VJVA+GUuc2/LBw==}
    engines: {node: '>=12'}

  yargs@17.7.2:
    resolution: {integrity: sha512-7dSzzRQ++CKnNI/krKnYRV7JKKPUXMEh61soaHKg9mrWEhzFWhFnxPxGl+69cD1Ou63C13NUPCnmIcrvqCuM6w==}
    engines: {node: '>=12'}

  yauzl@2.10.0:
    resolution: {integrity: sha512-p4a9I6X6nu6IhoGmBqAcbJy1mlC4j27vEPZX9F4L4/vZT3Lyq1VkFHw/V/PUcB9Buo+DG3iHkT0x3Qya58zc3g==}

  zod@3.23.8:
    resolution: {integrity: sha512-XBx9AXhXktjUqnepgTiE5flcKIYWi/rme0Eaj+5Y0lftuGBq+jyRu/md4WnuxqgP1ubdpNCsYEYPxrzVHD8d6g==}

snapshots:

  '@bufbuild/protobuf@1.10.0': {}

  '@colors/colors@1.6.0': {}

  '@dabh/diagnostics@2.0.3':
    dependencies:
      colorspace: 1.1.4
      enabled: 2.0.0
      kuler: 2.0.0

  '@livekit/protocol@1.34.0':
    dependencies:
      '@bufbuild/protobuf': 1.10.0

  '@puppeteer/browsers@2.6.1':
    dependencies:
      debug: 4.4.0(supports-color@5.5.0)
      extract-zip: 2.0.1
      progress: 2.0.3
      proxy-agent: 6.5.0
      semver: 7.7.1
      tar-fs: 3.0.8
      unbzip2-stream: 1.4.3
      yargs: 17.7.2
    transitivePeerDependencies:
      - bare-buffer
      - supports-color

  '@tootallnate/quickjs-emscripten@0.23.0': {}

  '@types/bun@1.2.4':
    dependencies:
      bun-types: 1.2.4

  '@types/i2c-bus@5.1.2':
    dependencies:
      '@types/node': 22.13.8

  '@types/node@22.13.8':
    dependencies:
      undici-types: 6.20.0

  '@types/triple-beam@1.3.5': {}

  '@types/ws@8.5.14':
    dependencies:
      '@types/node': 22.13.8

  '@types/yauzl@2.10.3':
    dependencies:
      '@types/node': 22.13.8
    optional: true

  agent-base@7.1.3: {}

  ansi-regex@5.0.1: {}

  ansi-styles@4.3.0:
    dependencies:
      color-convert: 2.0.1

  anymatch@3.1.3:
    dependencies:
      normalize-path: 3.0.0
      picomatch: 2.3.1

  ast-types@0.13.4:
    dependencies:
      tslib: 2.8.1

  async@0.9.2: {}

  async@3.2.6: {}

  b4a@1.6.7: {}

  balanced-match@1.0.2: {}

  bare-events@2.5.4:
    optional: true

  bare-fs@4.0.1:
    dependencies:
      bare-events: 2.5.4
      bare-path: 3.0.0
      bare-stream: 2.6.5(bare-events@2.5.4)
    transitivePeerDependencies:
      - bare-buffer
    optional: true

  bare-os@3.5.1:
    optional: true

  bare-path@3.0.0:
    dependencies:
      bare-os: 3.5.1
    optional: true

  bare-stream@2.6.5(bare-events@2.5.4):
    dependencies:
      streamx: 2.22.0
    optionalDependencies:
      bare-events: 2.5.4
    optional: true

  base64-js@1.5.1: {}

  basic-ftp@5.0.5: {}

  binary-extensions@2.3.0: {}

  bindings@1.5.0:
    dependencies:
      file-uri-to-path: 1.0.0

  brace-expansion@1.1.11:
    dependencies:
      balanced-match: 1.0.2
      concat-map: 0.0.1

  braces@3.0.3:
    dependencies:
      fill-range: 7.1.1

  buffer-crc32@0.2.13: {}

  buffer@5.7.1:
    dependencies:
      base64-js: 1.5.1
      ieee754: 1.2.1

  bun-types@1.2.4:
    dependencies:
      '@types/node': 22.13.8
      '@types/ws': 8.5.14

  camelcase-keys@9.1.3:
    dependencies:
      camelcase: 8.0.0
      map-obj: 5.0.0
      quick-lru: 6.1.2
      type-fest: 4.36.0

  camelcase@8.0.0: {}

  chokidar@3.6.0:
    dependencies:
      anymatch: 3.1.3
      braces: 3.0.3
      glob-parent: 5.1.2
      is-binary-path: 2.1.0
      is-glob: 4.0.3
      normalize-path: 3.0.0
      readdirp: 3.6.0
    optionalDependencies:
      fsevents: 2.3.3

  chromium-bidi@0.11.0(devtools-protocol@0.0.1367902):
    dependencies:
      devtools-protocol: 0.0.1367902
      mitt: 3.0.1
      zod: 3.23.8

  cliui@8.0.1:
    dependencies:
      string-width: 4.2.3
      strip-ansi: 6.0.1
      wrap-ansi: 7.0.0

  color-convert@1.9.3:
    dependencies:
      color-name: 1.1.3

  color-convert@2.0.1:
    dependencies:
      color-name: 1.1.4

  color-name@1.1.3: {}

  color-name@1.1.4: {}

  color-string@1.9.1:
    dependencies:
      color-name: 1.1.4
      simple-swizzle: 0.2.2

  color@3.2.1:
    dependencies:
      color-convert: 1.9.3
      color-string: 1.9.1

  colors@1.4.0: {}

  colorspace@1.1.4:
    dependencies:
      color: 3.2.1
      text-hex: 1.0.0

  concat-map@0.0.1: {}

  data-uri-to-buffer@6.0.2: {}

  debug@4.4.0(supports-color@5.5.0):
    dependencies:
      ms: 2.1.3
    optionalDependencies:
      supports-color: 5.5.0

  degenerator@5.0.1:
    dependencies:
      ast-types: 0.13.4
      escodegen: 2.1.0
      esprima: 4.0.1

  devtools-protocol@0.0.1367902: {}

  emoji-regex@8.0.0: {}

  enabled@2.0.0: {}

  end-of-stream@1.4.4:
    dependencies:
      once: 1.4.0

  escalade@3.2.0: {}

  escodegen@2.1.0:
    dependencies:
      esprima: 4.0.1
      estraverse: 5.3.0
      esutils: 2.0.3
    optionalDependencies:
      source-map: 0.6.1

  esprima@4.0.1: {}

  estraverse@5.3.0: {}

  esutils@2.0.3: {}

  extract-zip@2.0.1:
    dependencies:
      debug: 4.4.0(supports-color@5.5.0)
      get-stream: 5.2.0
      yauzl: 2.10.0
    optionalDependencies:
      '@types/yauzl': 2.10.3
    transitivePeerDependencies:
      - supports-color

  fast-fifo@1.3.2: {}

  fd-slicer@1.1.0:
    dependencies:
      pend: 1.2.0

  fecha@4.2.3: {}

  file-uri-to-path@1.0.0: {}

  fill-range@7.1.1:
    dependencies:
      to-regex-range: 5.0.1

  fn.name@1.1.0: {}

  fsevents@2.3.3:
    optional: true

  get-caller-file@2.0.5: {}

  get-stream@5.2.0:
    dependencies:
      pump: 3.0.2

  get-uri@6.0.4:
    dependencies:
      basic-ftp: 5.0.5
      data-uri-to-buffer: 6.0.2
      debug: 4.4.0(supports-color@5.5.0)
    transitivePeerDependencies:
      - supports-color

  glob-parent@5.1.2:
    dependencies:
      is-glob: 4.0.3

  has-flag@3.0.0: {}

  http-proxy-agent@7.0.2:
    dependencies:
      agent-base: 7.1.3
      debug: 4.4.0(supports-color@5.5.0)
    transitivePeerDependencies:
      - supports-color

  https-proxy-agent@7.0.6:
    dependencies:
      agent-base: 7.1.3
      debug: 4.4.0(supports-color@5.5.0)
    transitivePeerDependencies:
      - supports-color

  i2c-bus@5.2.3:
    dependencies:
      bindings: 1.5.0
      nan: 2.22.2

  i2c-mpu6050@2.3.0:
    dependencies:
      async: 0.9.2

  ieee754@1.2.1: {}

  ignore-by-default@1.0.1: {}

  inherits@2.0.4: {}

  ip-address@9.0.5:
    dependencies:
      jsbn: 1.1.0
      sprintf-js: 1.1.3

  is-arrayish@0.3.2: {}

  is-binary-path@2.1.0:
    dependencies:
      binary-extensions: 2.3.0

  is-extglob@2.1.1: {}

  is-fullwidth-code-point@3.0.0: {}

  is-glob@4.0.3:
    dependencies:
      is-extglob: 2.1.1

  is-number@7.0.0: {}

  is-stream@2.0.1: {}

  jose@5.10.0: {}

  jsbn@1.1.0: {}

  kuler@2.0.0: {}

  livekit-server-sdk@2.10.2:
    dependencies:
      '@bufbuild/protobuf': 1.10.0
      '@livekit/protocol': 1.34.0
      camelcase-keys: 9.1.3
      jose: 5.10.0

  logform@2.7.0:
    dependencies:
      '@colors/colors': 1.6.0
      '@types/triple-beam': 1.3.5
      fecha: 4.2.3
      ms: 2.1.3
      safe-stable-stringify: 2.5.0
      triple-beam: 1.4.1

  lru-cache@7.18.3: {}

  map-obj@5.0.0: {}

  minimatch@3.1.2:
    dependencies:
      brace-expansion: 1.1.11

  mitt@3.0.1: {}

  ms@2.1.3: {}

  nan@2.22.2: {}

  netmask@2.0.2: {}

  nodemon@3.1.9:
    dependencies:
      chokidar: 3.6.0
      debug: 4.4.0(supports-color@5.5.0)
      ignore-by-default: 1.0.1
      minimatch: 3.1.2
      pstree.remy: 1.1.8
      semver: 7.7.1
      simple-update-notifier: 2.0.0
      supports-color: 5.5.0
      touch: 3.1.1
      undefsafe: 2.0.5

  normalize-path@3.0.0: {}

  once@1.4.0:
    dependencies:
      wrappy: 1.0.2

  one-time@1.0.0:
    dependencies:
      fn.name: 1.1.0

  pac-proxy-agent@7.2.0:
    dependencies:
      '@tootallnate/quickjs-emscripten': 0.23.0
      agent-base: 7.1.3
      debug: 4.4.0(supports-color@5.5.0)
      get-uri: 6.0.4
      http-proxy-agent: 7.0.2
      https-proxy-agent: 7.0.6
      pac-resolver: 7.0.1
      socks-proxy-agent: 8.0.5
    transitivePeerDependencies:
      - supports-color

  pac-resolver@7.0.1:
    dependencies:
      degenerator: 5.0.1
      netmask: 2.0.2

  pend@1.2.0: {}

  picomatch@2.3.1: {}

  progress@2.0.3: {}

  proxy-agent@6.5.0:
    dependencies:
      agent-base: 7.1.3
      debug: 4.4.0(supports-color@5.5.0)
      http-proxy-agent: 7.0.2
      https-proxy-agent: 7.0.6
      lru-cache: 7.18.3
      pac-proxy-agent: 7.2.0
      proxy-from-env: 1.1.0
      socks-proxy-agent: 8.0.5
    transitivePeerDependencies:
      - supports-color

  proxy-from-env@1.1.0: {}

  pstree.remy@1.1.8: {}

  pump@3.0.2:
    dependencies:
      end-of-stream: 1.4.4
      once: 1.4.0

  puppeteer-core@23.11.1:
    dependencies:
      '@puppeteer/browsers': 2.6.1
      chromium-bidi: 0.11.0(devtools-protocol@0.0.1367902)
      debug: 4.4.0(supports-color@5.5.0)
      devtools-protocol: 0.0.1367902
      typed-query-selector: 2.12.0
      ws: 8.18.1
    transitivePeerDependencies:
      - bare-buffer
      - bufferutil
      - supports-color
      - utf-8-validate

  quick-lru@6.1.2: {}

  readable-stream@3.6.2:
    dependencies:
      inherits: 2.0.4
      string_decoder: 1.3.0
      util-deprecate: 1.0.2

  readdirp@3.6.0:
    dependencies:
      picomatch: 2.3.1

  require-directory@2.1.1: {}

  safe-buffer@5.2.1: {}

  safe-stable-stringify@2.5.0: {}

  semver@7.7.1: {}

  simple-swizzle@0.2.2:
    dependencies:
      is-arrayish: 0.3.2

  simple-update-notifier@2.0.0:
    dependencies:
      semver: 7.7.1

  smart-buffer@4.2.0: {}

  socks-proxy-agent@8.0.5:
    dependencies:
      agent-base: 7.1.3
      debug: 4.4.0(supports-color@5.5.0)
      socks: 2.8.4
    transitivePeerDependencies:
      - supports-color

  socks@2.8.4:
    dependencies:
      ip-address: 9.0.5
      smart-buffer: 4.2.0

  source-map@0.6.1:
    optional: true

  sprintf-js@1.1.3: {}

  stack-trace@0.0.10: {}

  streamx@2.22.0:
    dependencies:
      fast-fifo: 1.3.2
      text-decoder: 1.2.3
    optionalDependencies:
      bare-events: 2.5.4

  string-width@4.2.3:
    dependencies:
      emoji-regex: 8.0.0
      is-fullwidth-code-point: 3.0.0
      strip-ansi: 6.0.1

  string_decoder@1.3.0:
    dependencies:
      safe-buffer: 5.2.1

  strip-ansi@6.0.1:
    dependencies:
      ansi-regex: 5.0.1

  supports-color@5.5.0:
    dependencies:
      has-flag: 3.0.0

  tar-fs@3.0.8:
    dependencies:
      pump: 3.0.2
      tar-stream: 3.1.7
    optionalDependencies:
      bare-fs: 4.0.1
      bare-path: 3.0.0
    transitivePeerDependencies:
      - bare-buffer

  tar-stream@3.1.7:
    dependencies:
      b4a: 1.6.7
      fast-fifo: 1.3.2
      streamx: 2.22.0

  text-decoder@1.2.3:
    dependencies:
      b4a: 1.6.7

  text-hex@1.0.0: {}

  through@2.3.8: {}

  to-regex-range@5.0.1:
    dependencies:
      is-number: 7.0.0

  touch@3.1.1: {}

  triple-beam@1.4.1: {}

  tslib@2.8.1: {}

  type-fest@4.36.0: {}

  typed-query-selector@2.12.0: {}

  typescript@5.8.2: {}

  unbzip2-stream@1.4.3:
    dependencies:
      buffer: 5.7.1
      through: 2.3.8

  undefsafe@2.0.5: {}

  undici-types@6.20.0: {}

  util-deprecate@1.0.2: {}

  winston-transport@4.9.0:
    dependencies:
      logform: 2.7.0
      readable-stream: 3.6.2
      triple-beam: 1.4.1

  winston@3.17.0:
    dependencies:
      '@colors/colors': 1.6.0
      '@dabh/diagnostics': 2.0.3
      async: 3.2.6
      is-stream: 2.0.1
      logform: 2.7.0
      one-time: 1.0.0
      readable-stream: 3.6.2
      safe-stable-stringify: 2.5.0
      stack-trace: 0.0.10
      triple-beam: 1.4.1
      winston-transport: 4.9.0

  wrap-ansi@7.0.0:
    dependencies:
      ansi-styles: 4.3.0
      string-width: 4.2.3
      strip-ansi: 6.0.1

  wrappy@1.0.2: {}

  ws@8.18.1: {}

  y18n@5.0.8: {}

  yargs-parser@21.1.1: {}

  yargs@17.7.2:
    dependencies:
      cliui: 8.0.1
      escalade: 3.2.0
      get-caller-file: 2.0.5
      require-directory: 2.1.1
      string-width: 4.2.3
      y18n: 5.0.8
      yargs-parser: 21.1.1

  yauzl@2.10.0:
    dependencies:
      buffer-crc32: 0.2.13
      fd-slicer: 1.1.0

  zod@3.23.8: {}
